{
  "projects": [
    {
      "projectId": "84wxoth5npGrp6RRXPL88z",
      "version": "4.25.0",
      "dependencies": {},
      "lang": "ts",
      "fileLocks": [
        {
          "assetId": "84wxoth5npGrp6RRXPL88z",
          "type": "projectCss",
          "checksum": "d951314833b1846f4b7c384128792976"
        },
        {
          "assetId": "84wxoth5npGrp6RRXPL88z",
          "checksum": "14e34fc8ee04382a88f671116234a1e3",
          "type": "globalContexts"
        }
      ],
      "codegenVersion": "0.0.1"
    },
    {
      "projectId": "61gETVAv9Y5XUyzBBiKaE2",
      "version": "latest",
      "dependencies": {
        "84wxoth5npGrp6RRXPL88z": "4.25.0",
        "8PtdGodUbexNYgkuyBUcWu": "3.22.0",
        "58GpZjZCWTaJ8AUhpCwt2K": "3.23.0",
        "sqPBLwEBBKHA2WDuGb17eV": "0.9.0",
        "caTPwKxj5ZrD9LQ7DMdK4Z": "3.34.0"
      },
      "lang": "ts",
      "fileLocks": [
        {
          "type": "globalVariant",
          "assetId": "r2VS3DyXq1bQ",
          "checksum": "a5fa68b71e73083fb986fb15e4b8f885"
        },
        {
          "assetId": "61gETVAv9Y5XUyzBBiKaE2",
          "checksum": "6d5d3b31d936dbe5782e0aaedc496301",
          "type": "globalContexts"
        },
        {
          "type": "renderModule",
          "assetId": "iGB6oJsUthIA",
          "checksum": "e19f9d2a79fbe8b9b51d010f0e65efd8"
        },
        {
          "type": "cssRules",
          "assetId": "iGB6oJsUthIA",
          "checksum": "e19f9d2a79fbe8b9b51d010f0e65efd8"
        },
        {
          "type": "image",
          "assetId": "g7mWWu_4Sapk",
          "checksum": "20032488fc4c67289e86060d3693e2c1"
        },
        {
          "type": "image",
          "assetId": "DQo76o65AWD3",
          "checksum": "083770c2eacf0f578a73f9005c1e09cf"
        },
        {
          "type": "image",
          "assetId": "Aj-FSHe61rXS",
          "checksum": "ecfdeca1f1f8880b680821e97cf2a46e"
        },
        {
          "type": "image",
          "assetId": "UFHX5xnjUJmx",
          "checksum": "046b9f344e2244328a8eeb89d9d99940"
        },
        {
          "type": "image",
          "assetId": "xmYxPFsSZbEo",
          "checksum": "52d926ccc0997fd43308afaa8283e9f9"
        },
        {
          "type": "image",
          "assetId": "qiSF4jBA4j9V",
          "checksum": "df03cb6e5616c7353b31e8c6def77be4"
        },
        {
          "type": "image",
          "assetId": "Te2gcMbuaV0K",
          "checksum": "90ffd60ba716de0153b3e484f62b3219"
        },
        {
          "type": "image",
          "assetId": "UgTo_h2Gc4IV",
          "checksum": "cd655defd95c597e6f1753fd692c7487"
        },
        {
          "type": "image",
          "assetId": "By_GYTjLsp7K",
          "checksum": "292db92d3cee6d581248c3e8a0a908e3"
        },
        {
          "type": "image",
          "assetId": "_SQVC_MShnQd",
          "checksum": "1cad2377c254fcb26b8ba30ef0d860c4"
        },
        {
          "type": "image",
          "assetId": "zGj3sWBYNwNy",
          "checksum": "ef1392425ea875d51ae7dbb017daa5ee"
        },
        {
          "type": "image",
          "assetId": "T6xDb3HPvSJV",
          "checksum": "7ce3ba0b4e801d258c11897a654bcf98"
        },
        {
          "type": "image",
          "assetId": "Iml3UfsyZWDM",
          "checksum": "20c1dc2d23247dadf22d00524858dd1e"
        },
        {
          "type": "image",
          "assetId": "uGcnt5cj-6Ur",
          "checksum": "53c15f8412dbf6ecfda39606117c7144"
        },
        {
          "type": "image",
          "assetId": "cCok9DjE4-Y2",
          "checksum": "3f1bf330d7e8b13b1e425f6af9b39ab0"
        },
        {
          "type": "image",
          "assetId": "45sS61CtcK9c",
          "checksum": "ba0e4985d7bd6f709ffb4827ea492ae8"
        },
        {
          "type": "image",
          "assetId": "ZPWdSTIuEArk",
          "checksum": "95a3a84b5fa7a5a80f61383675d071a3"
        },
        {
          "type": "image",
          "assetId": "WRGpvKQAmI7g",
          "checksum": "32f05e5557c9b59bc1a3caffbd9dcb0e"
        },
        {
          "type": "image",
          "assetId": "gjhCPMLSCUIE",
          "checksum": "d037e576ea489d719fc6be6ee12a697f"
        },
        {
          "type": "image",
          "assetId": "9RG9m1OxQEc6",
          "checksum": "12cda710c4ab8d5249bcddef7e16845e"
        },
        {
          "type": "renderModule",
          "assetId": "d_zUYhXcO1JF",
          "checksum": "6d872a971b0e61d565ff966a91f69f9a"
        },
        {
          "type": "cssRules",
          "assetId": "d_zUYhXcO1JF",
          "checksum": "6d872a971b0e61d565ff966a91f69f9a"
        },
        {
          "type": "renderModule",
          "assetId": "1DFDKTDshbFk",
          "checksum": "433889af34d7dff76e558884e0dca7e9"
        },
        {
          "type": "cssRules",
          "assetId": "1DFDKTDshbFk",
          "checksum": "433889af34d7dff76e558884e0dca7e9"
        },
        {
          "type": "icon",
          "assetId": "hhA2UNOJBooY",
          "checksum": "1f8f8b6880b0262c9689a9cdc4bc4b58"
        },
        {
          "type": "icon",
          "assetId": "SGHhp3IATlZa",
          "checksum": "2a34e6c7da4db6dd2d71daed700ea744"
        },
        {
          "type": "image",
          "assetId": "9LsyZwPh-kK6",
          "checksum": "020a2a4e13476d3359435a1f56f2654d"
        },
        {
          "type": "image",
          "assetId": "H1YzDqrjHBql",
          "checksum": "4bbd2b5a931c329344a6d803f815ec2d"
        },
        {
          "type": "image",
          "assetId": "1xcx3A-f7kSn",
          "checksum": "ed4c1a0d2f26790b6e84f48cb58ac379"
        },
        {
          "type": "image",
          "assetId": "TgHa8QE2yolh",
          "checksum": "44cdeca6ac86ae2e0d78802c601ccdf4"
        },
        {
          "type": "image",
          "assetId": "2gJ-VWeFWi_E",
          "checksum": "8e829bcf59183fde6eba35e042a288dd"
        },
        {
          "type": "image",
          "assetId": "OCMdLL2TuOBe",
          "checksum": "ca4f7e81ef0b88da93b8901ee9a2c496"
        },
        {
          "type": "image",
          "assetId": "-cYoJMGFIhTM",
          "checksum": "976423aa779417e01f95cb8e240e6413"
        },
        {
          "type": "image",
          "assetId": "wd8WD-QMextZ",
          "checksum": "f92ebafeca18f47f31a0e56cb28bfcb0"
        },
        {
          "type": "image",
          "assetId": "XihOZzY88IRC",
          "checksum": "79c09db63b27b67d569608e8f5467515"
        },
        {
          "type": "image",
          "assetId": "XkdkCo77BfcB",
          "checksum": "bec0eddcd74d56f5013c26750b4f23ba"
        },
        {
          "type": "image",
          "assetId": "jyprx6du2Av7",
          "checksum": "69f8d059b8ef193b3b7b5ba772aa270e"
        },
        {
          "type": "image",
          "assetId": "mSpulLzQTxrK",
          "checksum": "682cd2022b78e2d1292fedff1c34364b"
        },
        {
          "type": "image",
          "assetId": "LzxM7N1pBKuw",
          "checksum": "c770878426797f488c5ae6e355ee923e"
        },
        {
          "type": "image",
          "assetId": "LG_f06mK0us-",
          "checksum": "04ef00d0189be4ede52f46bc1b93cd93"
        },
        {
          "type": "image",
          "assetId": "2eOfbl_tjkke",
          "checksum": "732c41dd88bd77ac70cb642916095f2f"
        },
        {
          "type": "image",
          "assetId": "RZvIt-ULjFZh",
          "checksum": "321facf8f77d089ff2f30584e21cb12e"
        },
        {
          "type": "image",
          "assetId": "mizLrca56eJ-",
          "checksum": "15b1863b6fbf30007a5a83d671fb7232"
        },
        {
          "type": "image",
          "assetId": "LvAoJByZTqpI",
          "checksum": "3e0278c21819271acb5bd7f919f20e16"
        },
        {
          "type": "image",
          "assetId": "TSC6knUkCJ35",
          "checksum": "6b0b106caf246b97922cd53e368d1e79"
        },
        {
          "type": "image",
          "assetId": "Czxst6qBps3S",
          "checksum": "689beb03796ec102a1d6c8cdaf3a8d6d"
        },
        {
          "type": "icon",
          "assetId": "Y-CdrZAMhvBS",
          "checksum": "3dc7d3ad3bec00d2259da06461918870"
        },
        {
          "type": "image",
          "assetId": "GINCn0BXhq0l",
          "checksum": "9f4cefe0596e810e6112a44d40109427"
        },
        {
          "type": "image",
          "assetId": "Inxe2aBjMNOz",
          "checksum": "61e9ffd529ca6ac3d456e3a303d6cf53"
        },
        {
          "assetId": "61gETVAv9Y5XUyzBBiKaE2",
          "type": "projectCss",
          "checksum": "725616e700adb4a326cfc16c615b627c"
        }
      ],
      "codegenVersion": "0.0.1"
    },
    {
      "projectId": "8PtdGodUbexNYgkuyBUcWu",
      "version": "3.22.0",
      "dependencies": {},
      "lang": "ts",
      "fileLocks": [
        {
          "assetId": "8PtdGodUbexNYgkuyBUcWu",
          "type": "projectCss",
          "checksum": "078b5be9aa4a8ea2a39b36c771c25aaa"
        },
        {
          "assetId": "8PtdGodUbexNYgkuyBUcWu",
          "checksum": "34a063f27f0b27a7d1d344bc6b5252c5",
          "type": "globalContexts"
        }
      ],
      "codegenVersion": "0.0.1"
    },
    {
      "projectId": "58GpZjZCWTaJ8AUhpCwt2K",
      "version": "3.23.0",
      "dependencies": {},
      "lang": "ts",
      "fileLocks": [
        {
          "assetId": "58GpZjZCWTaJ8AUhpCwt2K",
          "type": "projectCss",
          "checksum": "fd84921cc10936e6ceb458c2ae01c4bd"
        }
      ],
      "codegenVersion": "0.0.1"
    },
    {
      "projectId": "caTPwKxj5ZrD9LQ7DMdK4Z",
      "version": "3.34.0",
      "dependencies": {},
      "lang": "ts",
      "fileLocks": [
        {
          "assetId": "caTPwKxj5ZrD9LQ7DMdK4Z",
          "type": "projectCss",
          "checksum": "e1ec850476829c38b0f9b6d4f7ac446a"
        }
      ],
      "codegenVersion": "0.0.1"
    },
    {
      "projectId": "sqPBLwEBBKHA2WDuGb17eV",
      "version": "0.9.0",
      "dependencies": {},
      "lang": "ts",
      "fileLocks": [
        {
          "assetId": "sqPBLwEBBKHA2WDuGb17eV",
          "type": "projectCss",
          "checksum": "e1ec850476829c38b0f9b6d4f7ac446a"
        },
        {
          "type": "renderModule",
          "assetId": "5nirPCGmCnRD",
          "checksum": "ee7e08729f1dc171f995cf94e148f481"
        },
        {
          "type": "cssRules",
          "assetId": "5nirPCGmCnRD",
          "checksum": "ee7e08729f1dc171f995cf94e148f481"
        },
        {
          "type": "icon",
          "assetId": "Wyt3GMMsLefj",
          "checksum": "d8c88f04735c43b3f7790b0889d20e0c"
        },
        {
          "type": "icon",
          "assetId": "MbDRsJU0e3bw",
          "checksum": "92672aa6935120ebaac11939d8d127bb"
        }
      ],
      "codegenVersion": "0.0.1"
    }
  ],
  "cliVersion": "0.1.327"
}
